
Microsoft Visual Studio Solution File, Format Version 12.00
# Visual Studio Version 17
VisualStudioVersion = 17.11.35312.102
MinimumVisualStudioVersion = 10.0.40219.1
Project("{FAE04EC0-301F-11D3-BF4B-00C04F79EFBC}") = "AutoMagazines", "AutoMagazines\AutoMagazines.csproj", "{F2A6C00B-6BD4-417B-BBD5-35A01A24434F}"
EndProject
Global
	GlobalSection(SolutionConfigurationPlatforms) = preSolution
		Debug|Any CPU = Debug|Any CPU
		Release|Any CPU = Release|Any CPU
	EndGlobalSection
	GlobalSection(ProjectConfigurationPlatforms) = postSolution
		{F2A6C00B-6BD4-417B-BBD5-35A01A24434F}.Debug|Any CPU.ActiveCfg = Debug|Any CPU
		{F2A6C00B-6BD4-417B-BBD5-35A01A24434F}.Debug|Any CPU.Build.0 = Debug|Any CPU
		{F2A6C00B-6BD4-417B-BBD5-35A01A24434F}.Release|Any CPU.ActiveCfg = Release|Any CPU
		{F2A6C00B-6BD4-417B-BBD5-35A01A24434F}.Release|Any CPU.Build.0 = Release|Any CPU
	EndGlobalSection
	GlobalSection(SolutionProperties) = preSolution
		HideSolutionNode = FALSE
	EndGlobalSection
	GlobalSection(ExtensibilityGlobals) = postSolution
		SolutionGuid = {14240614-3602-4B6C-B185-FE33CCE139AD}
	EndGlobalSection
EndGlobal
